
Microsoft Visual Studio Solution File, Format Version 12.00
# Visual Studio Version 16
VisualStudioVersion = 16.0.30320.27
MinimumVisualStudioVersion = 10.0.40219.1
Project("{FAE04EC0-301F-11D3-BF4B-00C04F79EFBC}") = "Secret Post.UWP", "Secret Post.UWP\Secret Post.UWP.csproj", "{D2F9E032-64EC-4FB1-8A1B-2700DFF1B396}"
EndProject
Project("{FAE04EC0-301F-11D3-BF4B-00C04F79EFBC}") = "Secret Post.Android", "Secret Post.Android\Secret Post.Android.csproj", "{5C69F529-04E2-4165-8E6F-3B2A9D7EA630}"
EndProject
Project("{FAE04EC0-301F-11D3-BF4B-00C04F79EFBC}") = "Secret Post.iOS", "Secret Post.iOS\Secret Post.iOS.csproj", "{2385E4B8-A3AD-4C60-98B2-25A17B0AD687}"
EndProject
Project("{FAE04EC0-301F-11D3-BF4B-00C04F79EFBC}") = "Secret Post", "Secret Post\Secret Post.csproj", "{3CB9A5C5-4600-43E1-8C32-740EF9E85986}"
EndProject
Global
	GlobalSection(SolutionConfigurationPlatforms) = preSolution
		Debug|Any CPU = Debug|Any CPU
		Debug|ARM = Debug|ARM
		Debug|iPhone = Debug|iPhone
		Debug|iPhoneSimulator = Debug|iPhoneSimulator
		Debug|x64 = Debug|x64
		Debug|x86 = Debug|x86
		Release|Any CPU = Release|Any CPU
		Release|ARM = Release|ARM
		Release|iPhone = Release|iPhone
		Release|iPhoneSimulator = Release|iPhoneSimulator
		Release|x64 = Release|x64
		Release|x86 = Release|x86
	EndGlobalSection
	GlobalSection(ProjectConfigurationPlatforms) = postSolution
		{D2F9E032-64EC-4FB1-8A1B-2700DFF1B396}.Debug|Any CPU.ActiveCfg = Debug|x86
		{D2F9E032-64EC-4FB1-8A1B-2700DFF1B396}.Debug|Any CPU.Build.0 = Debug|x86
		{D2F9E032-64EC-4FB1-8A1B-2700DFF1B396}.Debug|Any CPU.Deploy.0 = Debug|x86
		{D2F9E032-64EC-4FB1-8A1B-2700DFF1B396}.Debug|ARM.ActiveCfg = Debug|ARM
		{D2F9E032-64EC-4FB1-8A1B-2700DFF1B396}.Debug|ARM.Build.0 = Debug|ARM
		{D2F9E032-64EC-4FB1-8A1B-2700DFF1B396}.Debug|ARM.Deploy.0 = Debug|ARM
		{D2F9E032-64EC-4FB1-8A1B-2700DFF1B396}.Debug|iPhone.ActiveCfg = Debug|x86
		{D2F9E032-64EC-4FB1-8A1B-2700DFF1B396}.Debug|iPhone.Build.0 = Debug|x86
		{D2F9E032-64EC-4FB1-8A1B-2700DFF1B396}.Debug|iPhone.Deploy.0 = Debug|x86
		{D2F9E032-64EC-4FB1-8A1B-2700DFF1B396}.Debug|iPhoneSimulator.ActiveCfg = Debug|x86
		{D2F9E032-64EC-4FB1-8A1B-2700DFF1B396}.Debug|iPhoneSimulator.Build.0 = Debug|x86
		{D2F9E032-64EC-4FB1-8A1B-2700DFF1B396}.Debug|iPhoneSimulator.Deploy.0 = Debug|x86
		{D2F9E032-64EC-4FB1-8A1B-2700DFF1B396}.Debug|x64.ActiveCfg = Debug|x64
		{D2F9E032-64EC-4FB1-8A1B-2700DFF1B396}.Debug|x64.Build.0 = Debug|x64
		{D2F9E032-64EC-4FB1-8A1B-2700DFF1B396}.Debug|x64.Deploy.0 = Debug|x64
		{D2F9E032-64EC-4FB1-8A1B-2700DFF1B396}.Debug|x86.ActiveCfg = Debug|x86
		{D2F9E032-64EC-4FB1-8A1B-2700DFF1B396}.Debug|x86.Build.0 = Debug|x86
		{D2F9E032-64EC-4FB1-8A1B-2700DFF1B396}.Debug|x86.Deploy.0 = Debug|x86
		{D2F9E032-64EC-4FB1-8A1B-2700DFF1B396}.Release|Any CPU.ActiveCfg = Release|x86
		{D2F9E032-64EC-4FB1-8A1B-2700DFF1B396}.Release|Any CPU.Build.0 = Release|x86
		{D2F9E032-64EC-4FB1-8A1B-2700DFF1B396}.Release|Any CPU.Deploy.0 = Release|x86
		{D2F9E032-64EC-4FB1-8A1B-2700DFF1B396}.Release|ARM.ActiveCfg = Release|ARM
		{D2F9E032-64EC-4FB1-8A1B-2700DFF1B396}.Release|ARM.Build.0 = Release|ARM
		{D2F9E032-64EC-4FB1-8A1B-2700DFF1B396}.Release|ARM.Deploy.0 = Release|ARM
		{D2F9E032-64EC-4FB1-8A1B-2700DFF1B396}.Release|iPhone.ActiveCfg = Release|x86
		{D2F9E032-64EC-4FB1-8A1B-2700DFF1B396}.Release|iPhone.Build.0 = Release|x86
		{D2F9E032-64EC-4FB1-8A1B-2700DFF1B396}.Release|iPhone.Deploy.0 = Release|x86
		{D2F9E032-64EC-4FB1-8A1B-2700DFF1B396}.Release|iPhoneSimulator.ActiveCfg = Release|x86
		{D2F9E032-64EC-4FB1-8A1B-2700DFF1B396}.Release|iPhoneSimulator.Build.0 = Release|x86
		{D2F9E032-64EC-4FB1-8A1B-2700DFF1B396}.Release|iPhoneSimulator.Deploy.0 = Release|x86
		{D2F9E032-64EC-4FB1-8A1B-2700DFF1B396}.Release|x64.ActiveCfg = Release|x64
		{D2F9E032-64EC-4FB1-8A1B-2700DFF1B396}.Release|x64.Build.0 = Release|x64
		{D2F9E032-64EC-4FB1-8A1B-2700DFF1B396}.Release|x64.Deploy.0 = Release|x64
		{D2F9E032-64EC-4FB1-8A1B-2700DFF1B396}.Release|x86.ActiveCfg = Release|x86
		{D2F9E032-64EC-4FB1-8A1B-2700DFF1B396}.Release|x86.Build.0 = Release|x86
		{D2F9E032-64EC-4FB1-8A1B-2700DFF1B396}.Release|x86.Deploy.0 = Release|x86
		{5C69F529-04E2-4165-8E6F-3B2A9D7EA630}.Debug|Any CPU.ActiveCfg = Debug|Any CPU
		{5C69F529-04E2-4165-8E6F-3B2A9D7EA630}.Debug|Any CPU.Build.0 = Debug|Any CPU
		{5C69F529-04E2-4165-8E6F-3B2A9D7EA630}.Debug|Any CPU.Deploy.0 = Debug|Any CPU
		{5C69F529-04E2-4165-8E6F-3B2A9D7EA630}.Debug|ARM.ActiveCfg = Debug|Any CPU
		{5C69F529-04E2-4165-8E6F-3B2A9D7EA630}.Debug|ARM.Build.0 = Debug|Any CPU
		{5C69F529-04E2-4165-8E6F-3B2A9D7EA630}.Debug|ARM.Deploy.0 = Debug|Any CPU
		{5C69F529-04E2-4165-8E6F-3B2A9D7EA630}.Debug|iPhone.ActiveCfg = Debug|Any CPU
		{5C69F529-04E2-4165-8E6F-3B2A9D7EA630}.Debug|iPhone.Build.0 = Debug|Any CPU
		{5C69F529-04E2-4165-8E6F-3B2A9D7EA630}.Debug|iPhone.Deploy.0 = Debug|Any CPU
		{5C69F529-04E2-4165-8E6F-3B2A9D7EA630}.Debug|iPhoneSimulator.ActiveCfg = Debug|Any CPU
		{5C69F529-04E2-4165-8E6F-3B2A9D7EA630}.Debug|iPhoneSimulator.Build.0 = Debug|Any CPU
		{5C69F529-04E2-4165-8E6F-3B2A9D7EA630}.Debug|iPhoneSimulator.Deploy.0 = Debug|Any CPU
		{5C69F529-04E2-4165-8E6F-3B2A9D7EA630}.Debug|x64.ActiveCfg = Debug|Any CPU
		{5C69F529-04E2-4165-8E6F-3B2A9D7EA630}.Debug|x64.Build.0 = Debug|Any CPU
		{5C69F529-04E2-4165-8E6F-3B2A9D7EA630}.Debug|x64.Deploy.0 = Debug|Any CPU
		{5C69F529-04E2-4165-8E6F-3B2A9D7EA630}.Debug|x86.ActiveCfg = Debug|Any CPU
		{5C69F529-04E2-4165-8E6F-3B2A9D7EA630}.Debug|x86.Build.0 = Debug|Any CPU
		{5C69F529-04E2-4165-8E6F-3B2A9D7EA630}.Debug|x86.Deploy.0 = Debug|Any CPU
		{5C69F529-04E2-4165-8E6F-3B2A9D7EA630}.Release|Any CPU.ActiveCfg = Release|Any CPU
		{5C69F529-04E2-4165-8E6F-3B2A9D7EA630}.Release|Any CPU.Build.0 = Release|Any CPU
		{5C69F529-04E2-4165-8E6F-3B2A9D7EA630}.Release|Any CPU.Deploy.0 = Release|Any CPU
		{5C69F529-04E2-4165-8E6F-3B2A9D7EA630}.Release|ARM.ActiveCfg = Release|Any CPU
		{5C69F529-04E2-4165-8E6F-3B2A9D7EA630}.Release|ARM.Build.0 = Release|Any CPU
		{5C69F529-04E2-4165-8E6F-3B2A9D7EA630}.Release|ARM.Deploy.0 = Release|Any CPU
		{5C69F529-04E2-4165-8E6F-3B2A9D7EA630}.Release|iPhone.ActiveCfg = Release|Any CPU
		{5C69F529-04E2-4165-8E6F-3B2A9D7EA630}.Release|iPhone.Build.0 = Release|Any CPU
		{5C69F529-04E2-4165-8E6F-3B2A9D7EA630}.Release|iPhone.Deploy.0 = Release|Any CPU
		{5C69F529-04E2-4165-8E6F-3B2A9D7EA630}.Release|iPhoneSimulator.ActiveCfg = Release|Any CPU
		{5C69F529-04E2-4165-8E6F-3B2A9D7EA630}.Release|iPhoneSimulator.Build.0 = Release|Any CPU
		{5C69F529-04E2-4165-8E6F-3B2A9D7EA630}.Release|iPhoneSimulator.Deploy.0 = Release|Any CPU
		{5C69F529-04E2-4165-8E6F-3B2A9D7EA630}.Release|x64.ActiveCfg = Release|Any CPU
		{5C69F529-04E2-4165-8E6F-3B2A9D7EA630}.Release|x64.Build.0 = Release|Any CPU
		{5C69F529-04E2-4165-8E6F-3B2A9D7EA630}.Release|x64.Deploy.0 = Release|Any CPU
		{5C69F529-04E2-4165-8E6F-3B2A9D7EA630}.Release|x86.ActiveCfg = Release|Any CPU
		{5C69F529-04E2-4165-8E6F-3B2A9D7EA630}.Release|x86.Build.0 = Release|Any CPU
		{5C69F529-04E2-4165-8E6F-3B2A9D7EA630}.Release|x86.Deploy.0 = Release|Any CPU
		{2385E4B8-A3AD-4C60-98B2-25A17B0AD687}.Debug|Any CPU.ActiveCfg = Debug|iPhone
		{2385E4B8-A3AD-4C60-98B2-25A17B0AD687}.Debug|Any CPU.Build.0 = Debug|iPhone
		{2385E4B8-A3AD-4C60-98B2-25A17B0AD687}.Debug|Any CPU.Deploy.0 = Debug|iPhone
		{2385E4B8-A3AD-4C60-98B2-25A17B0AD687}.Debug|ARM.ActiveCfg = Debug|iPhone
		{2385E4B8-A3AD-4C60-98B2-25A17B0AD687}.Debug|ARM.Build.0 = Debug|iPhone
		{2385E4B8-A3AD-4C60-98B2-25A17B0AD687}.Debug|ARM.Deploy.0 = Debug|iPhone
		{2385E4B8-A3AD-4C60-98B2-25A17B0AD687}.Debug|iPhone.ActiveCfg = Debug|iPhone
		{2385E4B8-A3AD-4C60-98B2-25A17B0AD687}.Debug|iPhone.Build.0 = Debug|iPhone
		{2385E4B8-A3AD-4C60-98B2-25A17B0AD687}.Debug|iPhone.Deploy.0 = Debug|iPhone
		{2385E4B8-A3AD-4C60-98B2-25A17B0AD687}.Debug|iPhoneSimulator.ActiveCfg = Debug|iPhoneSimulator
		{2385E4B8-A3AD-4C60-98B2-25A17B0AD687}.Debug|iPhoneSimulator.Build.0 = Debug|iPhoneSimulator
		{2385E4B8-A3AD-4C60-98B2-25A17B0AD687}.Debug|iPhoneSimulator.Deploy.0 = Debug|iPhoneSimulator
		{2385E4B8-A3AD-4C60-98B2-25A17B0AD687}.Debug|x64.ActiveCfg = Debug|iPhone
		{2385E4B8-A3AD-4C60-98B2-25A17B0AD687}.Debug|x64.Build.0 = Debug|iPhone
		{2385E4B8-A3AD-4C60-98B2-25A17B0AD687}.Debug|x64.Deploy.0 = Debug|iPhone
		{2385E4B8-A3AD-4C60-98B2-25A17B0AD687}.Debug|x86.ActiveCfg = Debug|iPhone
		{2385E4B8-A3AD-4C60-98B2-25A17B0AD687}.Debug|x86.Build.0 = Debug|iPhone
		{2385E4B8-A3AD-4C60-98B2-25A17B0AD687}.Debug|x86.Deploy.0 = Debug|iPhone
		{2385E4B8-A3AD-4C60-98B2-25A17B0AD687}.Release|Any CPU.ActiveCfg = Release|iPhone
		{2385E4B8-A3AD-4C60-98B2-25A17B0AD687}.Release|Any CPU.Build.0 = Release|iPhone
		{2385E4B8-A3AD-4C60-98B2-25A17B0AD687}.Release|Any CPU.Deploy.0 = Release|iPhone
		{2385E4B8-A3AD-4C60-98B2-25A17B0AD687}.Release|ARM.ActiveCfg = Release|iPhone
		{2385E4B8-A3AD-4C60-98B2-25A17B0AD687}.Release|ARM.Build.0 = Release|iPhone
		{2385E4B8-A3AD-4C60-98B2-25A17B0AD687}.Release|ARM.Deploy.0 = Release|iPhone
		{2385E4B8-A3AD-4C60-98B2-25A17B0AD687}.Release|iPhone.ActiveCfg = Release|iPhone
		{2385E4B8-A3AD-4C60-98B2-25A17B0AD687}.Release|iPhone.Build.0 = Release|iPhone
		{2385E4B8-A3AD-4C60-98B2-25A17B0AD687}.Release|iPhone.Deploy.0 = Release|iPhone
		{2385E4B8-A3AD-4C60-98B2-25A17B0AD687}.Release|iPhoneSimulator.ActiveCfg = Release|iPhoneSimulator
		{2385E4B8-A3AD-4C60-98B2-25A17B0AD687}.Release|iPhoneSimulator.Build.0 = Release|iPhoneSimulator
		{2385E4B8-A3AD-4C60-98B2-25A17B0AD687}.Release|iPhoneSimulator.Deploy.0 = Release|iPhoneSimulator
		{2385E4B8-A3AD-4C60-98B2-25A17B0AD687}.Release|x64.ActiveCfg = Release|iPhone
		{2385E4B8-A3AD-4C60-98B2-25A17B0AD687}.Release|x64.Build.0 = Release|iPhone
		{2385E4B8-A3AD-4C60-98B2-25A17B0AD687}.Release|x64.Deploy.0 = Release|iPhone
		{2385E4B8-A3AD-4C60-98B2-25A17B0AD687}.Release|x86.ActiveCfg = Release|iPhone
		{2385E4B8-A3AD-4C60-98B2-25A17B0AD687}.Release|x86.Build.0 = Release|iPhone
		{2385E4B8-A3AD-4C60-98B2-25A17B0AD687}.Release|x86.Deploy.0 = Release|iPhone
		{3CB9A5C5-4600-43E1-8C32-740EF9E85986}.Debug|Any CPU.ActiveCfg = Debug|Any CPU
		{3CB9A5C5-4600-43E1-8C32-740EF9E85986}.Debug|Any CPU.Build.0 = Debug|Any CPU
		{3CB9A5C5-4600-43E1-8C32-740EF9E85986}.Debug|Any CPU.Deploy.0 = Debug|Any CPU
		{3CB9A5C5-4600-43E1-8C32-740EF9E85986}.Debug|ARM.ActiveCfg = Debug|Any CPU
		{3CB9A5C5-4600-43E1-8C32-740EF9E85986}.Debug|ARM.Build.0 = Debug|Any CPU
		{3CB9A5C5-4600-43E1-8C32-740EF9E85986}.Debug|ARM.Deploy.0 = Debug|Any CPU
		{3CB9A5C5-4600-43E1-8C32-740EF9E85986}.Debug|iPhone.ActiveCfg = Debug|Any CPU
		{3CB9A5C5-4600-43E1-8C32-740EF9E85986}.Debug|iPhone.Build.0 = Debug|Any CPU
		{3CB9A5C5-4600-43E1-8C32-740EF9E85986}.Debug|iPhone.Deploy.0 = Debug|Any CPU
		{3CB9A5C5-4600-43E1-8C32-740EF9E85986}.Debug|iPhoneSimulator.ActiveCfg = Debug|Any CPU
		{3CB9A5C5-4600-43E1-8C32-740EF9E85986}.Debug|iPhoneSimulator.Build.0 = Debug|Any CPU
		{3CB9A5C5-4600-43E1-8C32-740EF9E85986}.Debug|iPhoneSimulator.Deploy.0 = Debug|Any CPU
		{3CB9A5C5-4600-43E1-8C32-740EF9E85986}.Debug|x64.ActiveCfg = Debug|Any CPU
		{3CB9A5C5-4600-43E1-8C32-740EF9E85986}.Debug|x64.Build.0 = Debug|Any CPU
		{3CB9A5C5-4600-43E1-8C32-740EF9E85986}.Debug|x64.Deploy.0 = Debug|Any CPU
		{3CB9A5C5-4600-43E1-8C32-740EF9E85986}.Debug|x86.ActiveCfg = Debug|Any CPU
		{3CB9A5C5-4600-43E1-8C32-740EF9E85986}.Debug|x86.Build.0 = Debug|Any CPU
		{3CB9A5C5-4600-43E1-8C32-740EF9E85986}.Debug|x86.Deploy.0 = Debug|Any CPU
		{3CB9A5C5-4600-43E1-8C32-740EF9E85986}.Release|Any CPU.ActiveCfg = Release|Any CPU
		{3CB9A5C5-4600-43E1-8C32-740EF9E85986}.Release|Any CPU.Build.0 = Release|Any CPU
		{3CB9A5C5-4600-43E1-8C32-740EF9E85986}.Release|Any CPU.Deploy.0 = Release|Any CPU
		{3CB9A5C5-4600-43E1-8C32-740EF9E85986}.Release|ARM.ActiveCfg = Release|Any CPU
		{3CB9A5C5-4600-43E1-8C32-740EF9E85986}.Release|ARM.Build.0 = Release|Any CPU
		{3CB9A5C5-4600-43E1-8C32-740EF9E85986}.Release|ARM.Deploy.0 = Release|Any CPU
		{3CB9A5C5-4600-43E1-8C32-740EF9E85986}.Release|iPhone.ActiveCfg = Release|Any CPU
		{3CB9A5C5-4600-43E1-8C32-740EF9E85986}.Release|iPhone.Build.0 = Release|Any CPU
		{3CB9A5C5-4600-43E1-8C32-740EF9E85986}.Release|iPhone.Deploy.0 = Release|Any CPU
		{3CB9A5C5-4600-43E1-8C32-740EF9E85986}.Release|iPhoneSimulator.ActiveCfg = Release|Any CPU
		{3CB9A5C5-4600-43E1-8C32-740EF9E85986}.Release|iPhoneSimulator.Build.0 = Release|Any CPU
		{3CB9A5C5-4600-43E1-8C32-740EF9E85986}.Release|iPhoneSimulator.Deploy.0 = Release|Any CPU
		{3CB9A5C5-4600-43E1-8C32-740EF9E85986}.Release|x64.ActiveCfg = Release|Any CPU
		{3CB9A5C5-4600-43E1-8C32-740EF9E85986}.Release|x64.Build.0 = Release|Any CPU
		{3CB9A5C5-4600-43E1-8C32-740EF9E85986}.Release|x64.Deploy.0 = Release|Any CPU
		{3CB9A5C5-4600-43E1-8C32-740EF9E85986}.Release|x86.ActiveCfg = Release|Any CPU
		{3CB9A5C5-4600-43E1-8C32-740EF9E85986}.Release|x86.Build.0 = Release|Any CPU
		{3CB9A5C5-4600-43E1-8C32-740EF9E85986}.Release|x86.Deploy.0 = Release|Any CPU
	EndGlobalSection
	GlobalSection(SolutionProperties) = preSolution
		HideSolutionNode = FALSE
	EndGlobalSection
	GlobalSection(ExtensibilityGlobals) = postSolution
		SolutionGuid = {4F7713CC-3A70-4265-AEDE-C9FBB6510F79}
	EndGlobalSection
EndGlobal
